
Microsoft Visual Studio Solution File, Format Version 12.00
# Visual Studio Version 17
VisualStudioVersion = 17.2.32616.157
MinimumVisualStudioVersion = 10.0.40219.1
Project("{2150E333-8FDC-42A3-9474-1A3956D46DE8}") = "src", "src", "{B95DD52A-5B5F-43DF-9CC4-965083283107}"
EndProject
Project("{2150E333-8FDC-42A3-9474-1A3956D46DE8}") = "corePackages", "corePackages", "{EC88EEF4-872E-4FD6-BA4B-F8C3E648FA73}"
EndProject
Project("{9A19103F-16F7-4668-BE54-9A1E7A4F7556}") = "Core.Application", "src\corePackages\Core.Application\Core.Application.csproj", "{CD9A8AA1-5CAB-4218-91C5-2550BB86354A}"
EndProject
Project("{9A19103F-16F7-4668-BE54-9A1E7A4F7556}") = "Core.CrossCuttingConcerns", "src\corePackages\Core.CrossCuttingConcers\Core.CrossCuttingConcerns.csproj", "{A6D04B11-0C09-4361-B044-B743F61D9E06}"
EndProject
Project("{9A19103F-16F7-4668-BE54-9A1E7A4F7556}") = "Core.ElasticSearch", "src\corePackages\Core.ElasticSearch\Core.ElasticSearch.csproj", "{EAE0F331-1D99-42F6-9926-34C3EAD78BBF}"
EndProject
Project("{9A19103F-16F7-4668-BE54-9A1E7A4F7556}") = "Core.Mailing", "src\corePackages\Core.Mailing\Core.Mailing.csproj", "{4EA615C5-8C04-4EA1-91DA-C86DA54D2E63}"
EndProject
Project("{9A19103F-16F7-4668-BE54-9A1E7A4F7556}") = "Core.Persistence", "src\corePackages\Core.Persistence\Core.Persistence.csproj", "{54635492-7F95-449B-8C5B-493566F68D4A}"
EndProject
Project("{9A19103F-16F7-4668-BE54-9A1E7A4F7556}") = "Core.Security", "src\corePackages\Core.Security\Core.Security.csproj", "{00AA7CFA-B348-4303-B3D0-40750DA10B94}"
EndProject
Project("{2150E333-8FDC-42A3-9474-1A3956D46DE8}") = "rentACar", "rentACar", "{FA5E1C75-E86C-4EFB-9AD3-5D78E55369E6}"
EndProject
Project("{9A19103F-16F7-4668-BE54-9A1E7A4F7556}") = "Application", "src\rentACar\Application\Application.csproj", "{A1A9EA12-E610-4467-82B6-7404249FA46F}"
EndProject
Project("{9A19103F-16F7-4668-BE54-9A1E7A4F7556}") = "Domain", "src\rentACar\Domain\Domain.csproj", "{551411BC-F776-4970-A486-3909BA1670D5}"
EndProject
Project("{9A19103F-16F7-4668-BE54-9A1E7A4F7556}") = "Infrastructure", "src\rentACar\Infrastructure\Infrastructure.csproj", "{31105BB4-40EC-4193-9603-EA5BB82ACAF7}"
EndProject
Project("{9A19103F-16F7-4668-BE54-9A1E7A4F7556}") = "Persistence", "src\rentACar\Persistence\Persistence.csproj", "{2E090864-BBA0-4876-AC03-F2047B909FA0}"
EndProject
Project("{9A19103F-16F7-4668-BE54-9A1E7A4F7556}") = "WebAPI", "src\rentACar\WebAPI\WebAPI.csproj", "{AF59BE0C-601F-439E-B465-803D3263D507}"
EndProject
Project("{2150E333-8FDC-42A3-9474-1A3956D46DE8}") = "tests", "tests", "{54809341-414C-4A91-905D-83AC363FC7F7}"
EndProject
Global
	GlobalSection(SolutionConfigurationPlatforms) = preSolution
		Debug|Any CPU = Debug|Any CPU
		Release|Any CPU = Release|Any CPU
	EndGlobalSection
	GlobalSection(ProjectConfigurationPlatforms) = postSolution
		{CD9A8AA1-5CAB-4218-91C5-2550BB86354A}.Debug|Any CPU.ActiveCfg = Debug|Any CPU
		{CD9A8AA1-5CAB-4218-91C5-2550BB86354A}.Debug|Any CPU.Build.0 = Debug|Any CPU
		{CD9A8AA1-5CAB-4218-91C5-2550BB86354A}.Release|Any CPU.ActiveCfg = Release|Any CPU
		{CD9A8AA1-5CAB-4218-91C5-2550BB86354A}.Release|Any CPU.Build.0 = Release|Any CPU
		{A6D04B11-0C09-4361-B044-B743F61D9E06}.Debug|Any CPU.ActiveCfg = Debug|Any CPU
		{A6D04B11-0C09-4361-B044-B743F61D9E06}.Debug|Any CPU.Build.0 = Debug|Any CPU
		{A6D04B11-0C09-4361-B044-B743F61D9E06}.Release|Any CPU.ActiveCfg = Release|Any CPU
		{A6D04B11-0C09-4361-B044-B743F61D9E06}.Release|Any CPU.Build.0 = Release|Any CPU
		{EAE0F331-1D99-42F6-9926-34C3EAD78BBF}.Debug|Any CPU.ActiveCfg = Debug|Any CPU
		{EAE0F331-1D99-42F6-9926-34C3EAD78BBF}.Debug|Any CPU.Build.0 = Debug|Any CPU
		{EAE0F331-1D99-42F6-9926-34C3EAD78BBF}.Release|Any CPU.ActiveCfg = Release|Any CPU
		{EAE0F331-1D99-42F6-9926-34C3EAD78BBF}.Release|Any CPU.Build.0 = Release|Any CPU
		{4EA615C5-8C04-4EA1-91DA-C86DA54D2E63}.Debug|Any CPU.ActiveCfg = Debug|Any CPU
		{4EA615C5-8C04-4EA1-91DA-C86DA54D2E63}.Debug|Any CPU.Build.0 = Debug|Any CPU
		{4EA615C5-8C04-4EA1-91DA-C86DA54D2E63}.Release|Any CPU.ActiveCfg = Release|Any CPU
		{4EA615C5-8C04-4EA1-91DA-C86DA54D2E63}.Release|Any CPU.Build.0 = Release|Any CPU
		{54635492-7F95-449B-8C5B-493566F68D4A}.Debug|Any CPU.ActiveCfg = Debug|Any CPU
		{54635492-7F95-449B-8C5B-493566F68D4A}.Debug|Any CPU.Build.0 = Debug|Any CPU
		{54635492-7F95-449B-8C5B-493566F68D4A}.Release|Any CPU.ActiveCfg = Release|Any CPU
		{54635492-7F95-449B-8C5B-493566F68D4A}.Release|Any CPU.Build.0 = Release|Any CPU
		{00AA7CFA-B348-4303-B3D0-40750DA10B94}.Debug|Any CPU.ActiveCfg = Debug|Any CPU
		{00AA7CFA-B348-4303-B3D0-40750DA10B94}.Debug|Any CPU.Build.0 = Debug|Any CPU
		{00AA7CFA-B348-4303-B3D0-40750DA10B94}.Release|Any CPU.ActiveCfg = Release|Any CPU
		{00AA7CFA-B348-4303-B3D0-40750DA10B94}.Release|Any CPU.Build.0 = Release|Any CPU
		{A1A9EA12-E610-4467-82B6-7404249FA46F}.Debug|Any CPU.ActiveCfg = Debug|Any CPU
		{A1A9EA12-E610-4467-82B6-7404249FA46F}.Debug|Any CPU.Build.0 = Debug|Any CPU
		{A1A9EA12-E610-4467-82B6-7404249FA46F}.Release|Any CPU.ActiveCfg = Release|Any CPU
		{A1A9EA12-E610-4467-82B6-7404249FA46F}.Release|Any CPU.Build.0 = Release|Any CPU
		{551411BC-F776-4970-A486-3909BA1670D5}.Debug|Any CPU.ActiveCfg = Debug|Any CPU
		{551411BC-F776-4970-A486-3909BA1670D5}.Debug|Any CPU.Build.0 = Debug|Any CPU
		{551411BC-F776-4970-A486-3909BA1670D5}.Release|Any CPU.ActiveCfg = Release|Any CPU
		{551411BC-F776-4970-A486-3909BA1670D5}.Release|Any CPU.Build.0 = Release|Any CPU
		{31105BB4-40EC-4193-9603-EA5BB82ACAF7}.Debug|Any CPU.ActiveCfg = Debug|Any CPU
		{31105BB4-40EC-4193-9603-EA5BB82ACAF7}.Debug|Any CPU.Build.0 = Debug|Any CPU
		{31105BB4-40EC-4193-9603-EA5BB82ACAF7}.Release|Any CPU.ActiveCfg = Release|Any CPU
		{31105BB4-40EC-4193-9603-EA5BB82ACAF7}.Release|Any CPU.Build.0 = Release|Any CPU
		{2E090864-BBA0-4876-AC03-F2047B909FA0}.Debug|Any CPU.ActiveCfg = Debug|Any CPU
		{2E090864-BBA0-4876-AC03-F2047B909FA0}.Debug|Any CPU.Build.0 = Debug|Any CPU
		{2E090864-BBA0-4876-AC03-F2047B909FA0}.Release|Any CPU.ActiveCfg = Release|Any CPU
		{2E090864-BBA0-4876-AC03-F2047B909FA0}.Release|Any CPU.Build.0 = Release|Any CPU
		{AF59BE0C-601F-439E-B465-803D3263D507}.Debug|Any CPU.ActiveCfg = Debug|Any CPU
		{AF59BE0C-601F-439E-B465-803D3263D507}.Debug|Any CPU.Build.0 = Debug|Any CPU
		{AF59BE0C-601F-439E-B465-803D3263D507}.Release|Any CPU.ActiveCfg = Release|Any CPU
		{AF59BE0C-601F-439E-B465-803D3263D507}.Release|Any CPU.Build.0 = Release|Any CPU
	EndGlobalSection
	GlobalSection(SolutionProperties) = preSolution
		HideSolutionNode = FALSE
	EndGlobalSection
	GlobalSection(NestedProjects) = preSolution
		{EC88EEF4-872E-4FD6-BA4B-F8C3E648FA73} = {B95DD52A-5B5F-43DF-9CC4-965083283107}
		{CD9A8AA1-5CAB-4218-91C5-2550BB86354A} = {EC88EEF4-872E-4FD6-BA4B-F8C3E648FA73}
		{A6D04B11-0C09-4361-B044-B743F61D9E06} = {EC88EEF4-872E-4FD6-BA4B-F8C3E648FA73}
		{EAE0F331-1D99-42F6-9926-34C3EAD78BBF} = {EC88EEF4-872E-4FD6-BA4B-F8C3E648FA73}
		{4EA615C5-8C04-4EA1-91DA-C86DA54D2E63} = {EC88EEF4-872E-4FD6-BA4B-F8C3E648FA73}
		{54635492-7F95-449B-8C5B-493566F68D4A} = {EC88EEF4-872E-4FD6-BA4B-F8C3E648FA73}
		{00AA7CFA-B348-4303-B3D0-40750DA10B94} = {EC88EEF4-872E-4FD6-BA4B-F8C3E648FA73}
		{FA5E1C75-E86C-4EFB-9AD3-5D78E55369E6} = {B95DD52A-5B5F-43DF-9CC4-965083283107}
		{A1A9EA12-E610-4467-82B6-7404249FA46F} = {FA5E1C75-E86C-4EFB-9AD3-5D78E55369E6}
		{551411BC-F776-4970-A486-3909BA1670D5} = {FA5E1C75-E86C-4EFB-9AD3-5D78E55369E6}
		{31105BB4-40EC-4193-9603-EA5BB82ACAF7} = {FA5E1C75-E86C-4EFB-9AD3-5D78E55369E6}
		{2E090864-BBA0-4876-AC03-F2047B909FA0} = {FA5E1C75-E86C-4EFB-9AD3-5D78E55369E6}
		{AF59BE0C-601F-439E-B465-803D3263D507} = {FA5E1C75-E86C-4EFB-9AD3-5D78E55369E6}
	EndGlobalSection
	GlobalSection(ExtensibilityGlobals) = postSolution
		SolutionGuid = {6753B23B-1126-4CFE-9141-CECD3E7516FC}
	EndGlobalSection
EndGlobal
